# THIS IS AN AUTOGENERATED FILE. DO NOT EDIT THIS FILE DIRECTLY.
# yarn lockfile v1


ansi-regex@^2.0.0:
  version "2.1.1"
  resolved "https://registry.yarnpkg.com/ansi-regex/-/ansi-regex-2.1.1.tgz#c3b33ab5ee360d86e0e628f0468ae7ef27d654df"

ansi-styles@^2.2.1:
  version "2.2.1"
  resolved "https://registry.yarnpkg.com/ansi-styles/-/ansi-styles-2.2.1.tgz#b432dd3358b634cf75e1e4664368240533c1ddbe"

array.prototype.find@^2.0.1:
  version "2.0.4"
  resolved "https://registry.yarnpkg.com/array.prototype.find/-/array.prototype.find-2.0.4.tgz#556a5c5362c08648323ddaeb9de9d14bc1864c90"
  dependencies:
    define-properties "^1.1.2"
    es-abstract "^1.7.0"

babel-code-frame@^6.22.0:
  version "6.22.0"
  resolved "https://registry.yarnpkg.com/babel-code-frame/-/babel-code-frame-6.22.0.tgz#027620bee567a88c32561574e7fd0801d33118e4"
  dependencies:
    chalk "^1.1.0"
    esutils "^2.0.2"
    js-tokens "^3.0.0"

babel-eslint@^7.1.1:
  version "7.2.3"
  resolved "https://registry.yarnpkg.com/babel-eslint/-/babel-eslint-7.2.3.tgz#b2fe2d80126470f5c19442dc757253a897710827"
  dependencies:
    babel-code-frame "^6.22.0"
    babel-traverse "^6.23.1"
    babel-types "^6.23.0"
    babylon "^6.17.0"

babel-messages@^6.23.0:
  version "6.23.0"
  resolved "https://registry.yarnpkg.com/babel-messages/-/babel-messages-6.23.0.tgz#f3cdf4703858035b2a2951c6ec5edf6c62f2630e"
  dependencies:
    babel-runtime "^6.22.0"

babel-runtime@^6.22.0:
  version "6.25.0"
  resolved "https://registry.yarnpkg.com/babel-runtime/-/babel-runtime-6.25.0.tgz#33b98eaa5d482bb01a8d1aa6b437ad2b01aec41c"
  dependencies:
    core-js "^2.4.0"
    regenerator-runtime "^0.10.0"

babel-traverse@^6.23.1:
  version "6.25.0"
  resolved "https://registry.yarnpkg.com/babel-traverse/-/babel-traverse-6.25.0.tgz#2257497e2fcd19b89edc13c4c91381f9512496f1"
  dependencies:
    babel-code-frame "^6.22.0"
    babel-messages "^6.23.0"
    babel-runtime "^6.22.0"
    babel-types "^6.25.0"
    babylon "^6.17.2"
    debug "^2.2.0"
    globals "^9.0.0"
    invariant "^2.2.0"
    lodash "^4.2.0"

babel-types@^6.23.0, babel-types@^6.25.0:
  version "6.25.0"
  resolved "https://registry.yarnpkg.com/babel-types/-/babel-types-6.25.0.tgz#70afb248d5660e5d18f811d91c8303b54134a18e"
  dependencies:
    babel-runtime "^6.22.0"
    esutils "^2.0.2"
    lodash "^4.2.0"
    to-fast-properties "^1.0.1"

babylon@^6.17.0, babylon@^6.17.2:
  version "6.17.4"
  resolved "https://registry.yarnpkg.com/babylon/-/babylon-6.17.4.tgz#3e8b7402b88d22c3423e137a1577883b15ff869a"

chalk@^1.1.0:
  version "1.1.3"
  resolved "https://registry.yarnpkg.com/chalk/-/chalk-1.1.3.tgz#a8115c55e4a702fe4d150abd3872822a7e09fc98"
  dependencies:
    ansi-styles "^2.2.1"
    escape-string-regexp "^1.0.2"
    has-ansi "^2.0.0"
    strip-ansi "^3.0.0"
    supports-color "^2.0.0"

commonmark@^0.27.0:
  version "0.27.0"
  resolved "https://registry.yarnpkg.com/commonmark/-/commonmark-0.27.0.tgz#d86c262b962821e9483c69c547bc58840c047b34"
  dependencies:
    entities "~ 1.1.1"
    mdurl "~ 1.0.1"
    minimist "~ 1.2.0"
    string.prototype.repeat "^0.2.0"

core-js@^2.4.0:
  version "2.4.1"
  resolved "https://registry.yarnpkg.com/core-js/-/core-js-2.4.1.tgz#4de911e667b0eae9124e34254b53aea6fc618d3e"

debug@^2.2.0:
  version "2.6.8"
  resolved "https://registry.yarnpkg.com/debug/-/debug-2.6.8.tgz#e731531ca2ede27d188222427da17821d68ff4fc"
  dependencies:
    ms "2.0.0"

define-properties@^1.1.2:
  version "1.1.2"
  resolved "https://registry.yarnpkg.com/define-properties/-/define-properties-1.1.2.tgz#83a73f2fea569898fb737193c8f873caf6d45c94"
  dependencies:
    foreach "^2.0.5"
    object-keys "^1.0.8"

doctrine@^1.2.2:
  version "1.5.0"
  resolved "https://registry.yarnpkg.com/doctrine/-/doctrine-1.5.0.tgz#379dce730f6166f76cefa4e6707a159b02c5a6fa"
  dependencies:
    esutils "^2.0.2"
    isarray "^1.0.0"

"entities@~ 1.1.1":
  version "1.1.1"
  resolved "https://registry.yarnpkg.com/entities/-/entities-1.1.1.tgz#6e5c2d0a5621b5dadaecef80b90edfb5cd7772f0"

es-abstract@^1.7.0:
  version "1.7.0"
  resolved "https://registry.yarnpkg.com/es-abstract/-/es-abstract-1.7.0.tgz#dfade774e01bfcd97f96180298c449c8623fb94c"
  dependencies:
    es-to-primitive "^1.1.1"
    function-bind "^1.1.0"
    is-callable "^1.1.3"
    is-regex "^1.0.3"

es-to-primitive@^1.1.1:
  version "1.1.1"
  resolved "https://registry.yarnpkg.com/es-to-primitive/-/es-to-primitive-1.1.1.tgz#45355248a88979034b6792e19bb81f2b7975dd0d"
  dependencies:
    is-callable "^1.1.1"
    is-date-object "^1.0.1"
    is-symbol "^1.0.1"

escape-string-regexp@^1.0.2:
  version "1.0.5"
  resolved "https://registry.yarnpkg.com/escape-string-regexp/-/escape-string-regexp-1.0.5.tgz#1b61c0562190a8dff6ae3bb2cf0200ca130b86d4"

eslint-config-fbjs-opensource@^1.0.0:
  version "1.0.0"
  resolved "https://registry.yarnpkg.com/eslint-config-fbjs-opensource/-/eslint-config-fbjs-opensource-1.0.0.tgz#9f6c88bed517c060eea9c43406a057330db08497"
  dependencies:
    babel-eslint "^7.1.1"
    eslint-plugin-babel "^4.0.1"
    eslint-plugin-flowtype "^2.30.0"
    eslint-plugin-jasmine "^2.2.0"
    eslint-plugin-prefer-object-spread "^1.1.0"
    eslint-plugin-react "^6.9.0"
    fbjs-eslint-utils "^1.0.0"

eslint-plugin-babel@^4.0.1:
  version "4.1.2"
  resolved "https://registry.yarnpkg.com/eslint-plugin-babel/-/eslint-plugin-babel-4.1.2.tgz#79202a0e35757dd92780919b2336f1fa2fe53c1e"

eslint-plugin-flowtype@^2.30.0:
  version "2.35.0"
  resolved "https://registry.yarnpkg.com/eslint-plugin-flowtype/-/eslint-plugin-flowtype-2.35.0.tgz#d17494f0ae8b727c632d8b9d4b4a848e7e0c04af"
  dependencies:
    lodash "^4.15.0"

eslint-plugin-jasmine@^2.2.0:
  version "2.8.0"
  resolved "https://registry.yarnpkg.com/eslint-plugin-jasmine/-/eslint-plugin-jasmine-2.8.0.tgz#9c69dd311f0220c5d4c0ec8384afa5e46fd5a7cc"

eslint-plugin-prefer-object-spread@^1.1.0:
  version "1.2.1"
  resolved "https://registry.yarnpkg.com/eslint-plugin-prefer-object-spread/-/eslint-plugin-prefer-object-spread-1.2.1.tgz#27fb91853690cceb3ae6101d9c8aecc6a67a402c"

eslint-plugin-react@^6.9.0:
  version "6.10.3"
  resolved "https://registry.yarnpkg.com/eslint-plugin-react/-/eslint-plugin-react-6.10.3.tgz#c5435beb06774e12c7db2f6abaddcbf900cd3f78"
  dependencies:
    array.prototype.find "^2.0.1"
    doctrine "^1.2.2"
    has "^1.0.1"
    jsx-ast-utils "^1.3.4"
    object.assign "^4.0.4"

esutils@^2.0.2:
  version "2.0.2"
  resolved "https://registry.yarnpkg.com/esutils/-/esutils-2.0.2.tgz#0abf4f1caa5bcb1f7a9d8acc6dea4faaa04bac9b"

fbjs-eslint-utils@^1.0.0:
  version "1.0.0"
  resolved "https://registry.yarnpkg.com/fbjs-eslint-utils/-/fbjs-eslint-utils-1.0.0.tgz#e6d09d14e9360b30e0840d1609f769b70f56c3ea"

foreach@^2.0.5:
  version "2.0.5"
  resolved "https://registry.yarnpkg.com/foreach/-/foreach-2.0.5.tgz#0bee005018aeb260d0a3af3ae658dd0136ec1b99"

function-bind@^1.0.2, function-bind@^1.1.0:
  version "1.1.0"
  resolved "https://registry.yarnpkg.com/function-bind/-/function-bind-1.1.0.tgz#16176714c801798e4e8f2cf7f7529467bb4a5771"

globals@^9.0.0:
  version "9.18.0"
  resolved "https://registry.yarnpkg.com/globals/-/globals-9.18.0.tgz#aa3896b3e69b487f17e31ed2143d69a8e30c2d8a"

has-ansi@^2.0.0:
  version "2.0.0"
  resolved "https://registry.yarnpkg.com/has-ansi/-/has-ansi-2.0.0.tgz#34f5049ce1ecdf2b0649af3ef24e45ed35416d91"
  dependencies:
    ansi-regex "^2.0.0"

has@^1.0.1:
  version "1.0.1"
  resolved "https://registry.yarnpkg.com/has/-/has-1.0.1.tgz#8461733f538b0837c9361e39a9ab9e9704dc2f28"
  dependencies:
    function-bind "^1.0.2"

invariant@^2.2.0:
  version "2.2.2"
  resolved "https://registry.yarnpkg.com/invariant/-/invariant-2.2.2.tgz#9e1f56ac0acdb6bf303306f338be3b204ae60360"
  dependencies:
    loose-envify "^1.0.0"

is-callable@^1.1.1, is-callable@^1.1.3:
  version "1.1.3"
  resolved "https://registry.yarnpkg.com/is-callable/-/is-callable-1.1.3.tgz#86eb75392805ddc33af71c92a0eedf74ee7604b2"

is-date-object@^1.0.1:
  version "1.0.1"
  resolved "https://registry.yarnpkg.com/is-date-object/-/is-date-object-1.0.1.tgz#9aa20eb6aeebbff77fbd33e74ca01b33581d3a16"

is-regex@^1.0.3:
  version "1.0.4"
  resolved "https://registry.yarnpkg.com/is-regex/-/is-regex-1.0.4.tgz#5517489b547091b0930e095654ced25ee97e9491"
  dependencies:
    has "^1.0.1"

is-symbol@^1.0.1:
  version "1.0.1"
  resolved "https://registry.yarnpkg.com/is-symbol/-/is-symbol-1.0.1.tgz#3cc59f00025194b6ab2e38dbae6689256b660572"

isarray@^1.0.0:
  version "1.0.0"
  resolved "https://registry.yarnpkg.com/isarray/-/isarray-1.0.0.tgz#bb935d48582cba168c06834957a54a3e07124f11"

js-tokens@^3.0.0:
  version "3.0.2"
  resolved "https://registry.yarnpkg.com/js-tokens/-/js-tokens-3.0.2.tgz#9866df395102130e38f7f996bceb65443209c25b"

jsx-ast-utils@^1.3.4:
  version "1.4.1"
  resolved "https://registry.yarnpkg.com/jsx-ast-utils/-/jsx-ast-utils-1.4.1.tgz#3867213e8dd79bf1e8f2300c0cfc1efb182c0df1"

lodash.mapvalues@^4.6.0:
  version "4.6.0"
  resolved "https://registry.yarnpkg.com/lodash.mapvalues/-/lodash.mapvalues-4.6.0.tgz#1bafa5005de9dd6f4f26668c30ca37230cc9689c"

lodash@^4.15.0, lodash@^4.2.0:
  version "4.17.4"
  resolved "https://registry.yarnpkg.com/lodash/-/lodash-4.17.4.tgz#78203a4d1c328ae1d86dca6460e369b57f4055ae"

loose-envify@^1.0.0:
  version "1.3.1"
  resolved "https://registry.yarnpkg.com/loose-envify/-/loose-envify-1.3.1.tgz#d1a8ad33fa9ce0e713d65fdd0ac8b748d478c848"
  dependencies:
    js-tokens "^3.0.0"

"mdurl@~ 1.0.1":
  version "1.0.1"
  resolved "https://registry.yarnpkg.com/mdurl/-/mdurl-1.0.1.tgz#fe85b2ec75a59037f2adfec100fd6c601761152e"

"minimist@~ 1.2.0":
  version "1.2.0"
  resolved "https://registry.yarnpkg.com/minimist/-/minimist-1.2.0.tgz#a35008b20f41383eec1fb914f4cd5df79a264284"

ms@2.0.0:
  version "2.0.0"
  resolved "https://registry.yarnpkg.com/ms/-/ms-2.0.0.tgz#5608aeadfc00be6c2901df5f9861788de0d597c8"

object-keys@^1.0.10, object-keys@^1.0.8:
  version "1.0.11"
  resolved "https://registry.yarnpkg.com/object-keys/-/object-keys-1.0.11.tgz#c54601778ad560f1142ce0e01bcca8b56d13426d"

object.assign@^4.0.4:
  version "4.0.4"
  resolved "https://registry.yarnpkg.com/object.assign/-/object.assign-4.0.4.tgz#b1c9cc044ef1b9fe63606fc141abbb32e14730cc"
  dependencies:
    define-properties "^1.1.2"
    function-bind "^1.1.0"
    object-keys "^1.0.10"

prettier@^1.5.3:
  version "1.5.3"
  resolved "https://registry.yarnpkg.com/prettier/-/prettier-1.5.3.tgz#59dadc683345ec6b88f88b94ed4ae7e1da394bfe"

regenerator-runtime@^0.10.0:
  version "0.10.5"
  resolved "https://registry.yarnpkg.com/regenerator-runtime/-/regenerator-runtime-0.10.5.tgz#336c3efc1220adcedda2c9fab67b5a7955a33658"

string.prototype.repeat@^0.2.0:
  version "0.2.0"
  resolved "https://registry.yarnpkg.com/string.prototype.repeat/-/string.prototype.repeat-0.2.0.tgz#aba36de08dcee6a5a337d49b2ea1da1b28fc0ecf"

strip-ansi@^3.0.0:
  version "3.0.1"
  resolved "https://registry.yarnpkg.com/strip-ansi/-/strip-ansi-3.0.1.tgz#6a385fb8853d952d5ff05d0e8aaf94278dc63dcf"
  dependencies:
    ansi-regex "^2.0.0"

supports-color@^2.0.0:
  version "2.0.0"
  resolved "https://registry.yarnpkg.com/supports-color/-/supports-color-2.0.0.tgz#535d045ce6b6363fa40117084629995e9df324c7"

to-fast-properties@^1.0.1:
  version "1.0.3"
  resolved "https://registry.yarnpkg.com/to-fast-properties/-/to-fast-properties-1.0.3.tgz#b83571fa4d8c25b82e231b06e3a3055de4ca1a47"
